
Microsoft Visual Studio Solution File, Format Version 12.00
# Visual Studio Version 17
VisualStudioVersion = 17.2.32630.192
MinimumVisualStudioVersion = 10.0.40219.1
Project("{FAE04EC0-301F-11D3-BF4B-00C04F79EFBC}") = "ConsoleUserInterface", "ConsoleUserInterface\ConsoleUserInterface.csproj", "{A5951EB0-0016-4092-9E39-B6434B78087D}"
EndProject
Project("{2150E333-8FDC-42A3-9474-1A3956D46DE8}") = "Solution Items", "Solution Items", "{40368715-7609-421D-AA15-3D933CF45B4E}"
	ProjectSection(SolutionItems) = preProject
		.editorconfig = .editorconfig
	EndProjectSection
EndProject
Project("{9A19103F-16F7-4668-BE54-9A1E7A4F7556}") = "MemoryCardGame", "MemoryCardGame\MemoryCardGame.csproj", "{399793D7-5A97-4158-8848-29B3D9D79717}"
EndProject
Project("{FAE04EC0-301F-11D3-BF4B-00C04F79EFBC}") = "Game", "Game\Game.csproj", "{DA58713F-9048-46AE-9163-EC325ADF664D}"
EndProject
Global
	GlobalSection(SolutionConfigurationPlatforms) = preSolution
		Debug|Any CPU = Debug|Any CPU
		Release|Any CPU = Release|Any CPU
	EndGlobalSection
	GlobalSection(ProjectConfigurationPlatforms) = postSolution
		{A5951EB0-0016-4092-9E39-B6434B78087D}.Debug|Any CPU.ActiveCfg = Debug|Any CPU
		{A5951EB0-0016-4092-9E39-B6434B78087D}.Debug|Any CPU.Build.0 = Debug|Any CPU
		{A5951EB0-0016-4092-9E39-B6434B78087D}.Release|Any CPU.ActiveCfg = Release|Any CPU
		{A5951EB0-0016-4092-9E39-B6434B78087D}.Release|Any CPU.Build.0 = Release|Any CPU
		{399793D7-5A97-4158-8848-29B3D9D79717}.Debug|Any CPU.ActiveCfg = Debug|Any CPU
		{399793D7-5A97-4158-8848-29B3D9D79717}.Debug|Any CPU.Build.0 = Debug|Any CPU
		{399793D7-5A97-4158-8848-29B3D9D79717}.Release|Any CPU.ActiveCfg = Release|Any CPU
		{399793D7-5A97-4158-8848-29B3D9D79717}.Release|Any CPU.Build.0 = Release|Any CPU
		{DA58713F-9048-46AE-9163-EC325ADF664D}.Debug|Any CPU.ActiveCfg = Debug|Any CPU
		{DA58713F-9048-46AE-9163-EC325ADF664D}.Debug|Any CPU.Build.0 = Debug|Any CPU
		{DA58713F-9048-46AE-9163-EC325ADF664D}.Release|Any CPU.ActiveCfg = Release|Any CPU
		{DA58713F-9048-46AE-9163-EC325ADF664D}.Release|Any CPU.Build.0 = Release|Any CPU
	EndGlobalSection
	GlobalSection(SolutionProperties) = preSolution
		HideSolutionNode = FALSE
	EndGlobalSection
	GlobalSection(ExtensibilityGlobals) = postSolution
		SolutionGuid = {CD63E88C-096A-4EB4-AE6A-D714BD55F6BE}
	EndGlobalSection
EndGlobal
